
Microsoft Visual Studio Solution File, Format Version 12.00
# Visual Studio 2013
VisualStudioVersion = 12.0.31101.0
MinimumVisualStudioVersion = 10.0.40219.1
Project("{FAE04EC0-301F-11D3-BF4B-00C04F79EFBC}") = "SomeApp1", "SomeApp1\SomeApp1.csproj", "{BF6673B1-E2EF-473C-BE4B-405037B0D13F}"
EndProject
Global
	GlobalSection(SolutionConfigurationPlatforms) = preSolution
		Debug|Any CPU = Debug|Any CPU
		Release|Any CPU = Release|Any CPU
	EndGlobalSection
	GlobalSection(ProjectConfigurationPlatforms) = postSolution
		{BF6673B1-E2EF-473C-BE4B-405037B0D13F}.Debug|Any CPU.ActiveCfg = Debug|Any CPU
		{BF6673B1-E2EF-473C-BE4B-405037B0D13F}.Debug|Any CPU.Build.0 = Debug|Any CPU
		{BF6673B1-E2EF-473C-BE4B-405037B0D13F}.Release|Any CPU.ActiveCfg = Release|Any CPU
		{BF6673B1-E2EF-473C-BE4B-405037B0D13F}.Release|Any CPU.Build.0 = Release|Any CPU
	EndGlobalSection
	GlobalSection(SolutionProperties) = preSolution
		HideSolutionNode = FALSE
	EndGlobalSection
EndGlobal
